// !$*UTF8*$!
{
	archiveVersion = 1;
	classes = {
	};
	objectVersion = 50;
	objects = {

/* Begin PBXBuildFile section */
		649B614E210CBC7400B12C26 /* CircleTimerHelper.swift in Sources */ = {isa = PBXBuildFile; fileRef = 649B614D210CBC7400B12C26 /* CircleTimerHelper.swift */; };
		649B6150210CBF0300B12C26 /* Drawer.swift in Sources */ = {isa = PBXBuildFile; fileRef = 649B614F210CBF0300B12C26 /* Drawer.swift */; };
		76436D702101D8EC00B1AA65 /* AppDelegate.swift in Sources */ = {isa = PBXBuildFile; fileRef = 76436D6F2101D8EC00B1AA65 /* AppDelegate.swift */; };
		76436D752101D8EC00B1AA65 /* Main.storyboard in Resources */ = {isa = PBXBuildFile; fileRef = 76436D732101D8EC00B1AA65 /* Main.storyboard */; };
		76436D772101D8ED00B1AA65 /* Assets.xcassets in Resources */ = {isa = PBXBuildFile; fileRef = 76436D762101D8ED00B1AA65 /* Assets.xcassets */; };
		76436D7A2101D8ED00B1AA65 /* LaunchScreen.storyboard in Resources */ = {isa = PBXBuildFile; fileRef = 76436D782101D8ED00B1AA65 /* LaunchScreen.storyboard */; };
		7657030F210B268500A3B66E /* Math.swift in Sources */ = {isa = PBXBuildFile; fileRef = 7657030E210B268500A3B66E /* Math.swift */; };
		765D7ECA2105B02300005E90 /* CircleSliderViewController.swift in Sources */ = {isa = PBXBuildFile; fileRef = 765D7EC92105B02300005E90 /* CircleSliderViewController.swift */; };
		766711722109974C001A2C30 /* CircleTimer.swift in Sources */ = {isa = PBXBuildFile; fileRef = 766711712109974C001A2C30 /* CircleTimer.swift */; };
		766711742109CD78001A2C30 /* Extensions.swift in Sources */ = {isa = PBXBuildFile; fileRef = 766711732109CD78001A2C30 /* Extensions.swift */; };
/* End PBXBuildFile section */

/* Begin PBXFileReference section */
		649B614D210CBC7400B12C26 /* CircleTimerHelper.swift */ = {isa = PBXFileReference; lastKnownFileType = sourcecode.swift; path = CircleTimerHelper.swift; sourceTree = "<group>"; };
		649B614F210CBF0300B12C26 /* Drawer.swift */ = {isa = PBXFileReference; lastKnownFileType = sourcecode.swift; path = Drawer.swift; sourceTree = "<group>"; };
		76436D6C2101D8EC00B1AA65 /* timerTest.app */ = {isa = PBXFileReference; explicitFileType = wrapper.application; includeInIndex = 0; path = timerTest.app; sourceTree = BUILT_PRODUCTS_DIR; };
		76436D6F2101D8EC00B1AA65 /* AppDelegate.swift */ = {isa = PBXFileReference; lastKnownFileType = sourcecode.swift; path = AppDelegate.swift; sourceTree = "<group>"; };
		76436D742101D8EC00B1AA65 /* Base */ = {isa = PBXFileReference; lastKnownFileType = file.storyboard; name = Base; path = Base.lproj/Main.storyboard; sourceTree = "<group>"; };
		76436D762101D8ED00B1AA65 /* Assets.xcassets */ = {isa = PBXFileReference; lastKnownFileType = folder.assetcatalog; path = Assets.xcassets; sourceTree = "<group>"; };
		76436D792101D8ED00B1AA65 /* Base */ = {isa = PBXFileReference; lastKnownFileType = file.storyboard; name = Base; path = Base.lproj/LaunchScreen.storyboard; sourceTree = "<group>"; };
		76436D7B2101D8ED00B1AA65 /* Info.plist */ = {isa = PBXFileReference; lastKnownFileType = text.plist.xml; path = Info.plist; sourceTree = "<group>"; };
		7657030E210B268500A3B66E /* Math.swift */ = {isa = PBXFileReference; lastKnownFileType = sourcecode.swift; path = Math.swift; sourceTree = "<group>"; };
		765D7EC92105B02300005E90 /* CircleSliderViewController.swift */ = {isa = PBXFileReference; lastKnownFileType = sourcecode.swift; path = CircleSliderViewController.swift; sourceTree = "<group>"; };
		766711712109974C001A2C30 /* CircleTimer.swift */ = {isa = PBXFileReference; lastKnownFileType = sourcecode.swift; path = CircleTimer.swift; sourceTree = "<group>"; };
		766711732109CD78001A2C30 /* Extensions.swift */ = {isa = PBXFileReference; lastKnownFileType = sourcecode.swift; path = Extensions.swift; sourceTree = "<group>"; };
/* End PBXFileReference section */

/* Begin PBXFrameworksBuildPhase section */
		76436D692101D8EC00B1AA65 /* Frameworks */ = {
			isa = PBXFrameworksBuildPhase;
			buildActionMask = 2147483647;
			files = (
			);
			runOnlyForDeploymentPostprocessing = 0;
		};
/* End PBXFrameworksBuildPhase section */

/* Begin PBXGroup section */
		649B614A210C60F700B12C26 /* Helpers */ = {
			isa = PBXGroup;
			children = (
				766711732109CD78001A2C30 /* Extensions.swift */,
				7657030E210B268500A3B66E /* Math.swift */,
				649B614D210CBC7400B12C26 /* CircleTimerHelper.swift */,
				649B614F210CBF0300B12C26 /* Drawer.swift */,
			);
			path = Helpers;
			sourceTree = "<group>";
		};
		76436D632101D8EC00B1AA65 = {
			isa = PBXGroup;
			children = (
				76436D6E2101D8EC00B1AA65 /* timerTest */,
				76436D6D2101D8EC00B1AA65 /* Products */,
			);
			sourceTree = "<group>";
		};
		76436D6D2101D8EC00B1AA65 /* Products */ = {
			isa = PBXGroup;
			children = (
				76436D6C2101D8EC00B1AA65 /* timerTest.app */,
			);
			name = Products;
			sourceTree = "<group>";
		};
		76436D6E2101D8EC00B1AA65 /* timerTest */ = {
			isa = PBXGroup;
			children = (
				649B614A210C60F700B12C26 /* Helpers */,
				765D7EC22105AF8400005E90 /* CircleTimer */,
				76436D6F2101D8EC00B1AA65 /* AppDelegate.swift */,
				76436D732101D8EC00B1AA65 /* Main.storyboard */,
				76436D762101D8ED00B1AA65 /* Assets.xcassets */,
				76436D782101D8ED00B1AA65 /* LaunchScreen.storyboard */,
				76436D7B2101D8ED00B1AA65 /* Info.plist */,
				765D7EC92105B02300005E90 /* CircleSliderViewController.swift */,
			);
			path = timerTest;
			sourceTree = "<group>";
		};
		765D7EC22105AF8400005E90 /* CircleTimer */ = {
			isa = PBXGroup;
			children = (
				766711712109974C001A2C30 /* CircleTimer.swift */,
			);
			path = CircleTimer;
			sourceTree = "<group>";
		};
/* End PBXGroup section */

/* Begin PBXNativeTarget section */
		76436D6B2101D8EC00B1AA65 /* timerTest */ = {
			isa = PBXNativeTarget;
			buildConfigurationList = 76436D7E2101D8ED00B1AA65 /* Build configuration list for PBXNativeTarget "timerTest" */;
			buildPhases = (
				76436D682101D8EC00B1AA65 /* Sources */,
				76436D692101D8EC00B1AA65 /* Frameworks */,
				76436D6A2101D8EC00B1AA65 /* Resources */,
			);
			buildRules = (
			);
			dependencies = (
			);
			name = timerTest;
			productName = timerTest;
			productReference = 76436D6C2101D8EC00B1AA65 /* timerTest.app */;
			productType = "com.apple.product-type.application";
		};
/* End PBXNativeTarget section */

/* Begin PBXProject section */
		76436D642101D8EC00B1AA65 /* Project object */ = {
			isa = PBXProject;
			attributes = {
				LastSwiftUpdateCheck = 0940;
				LastUpgradeCheck = 0940;
				ORGANIZATIONNAME = Taras;
				TargetAttributes = {
					76436D6B2101D8EC00B1AA65 = {
						CreatedOnToolsVersion = 9.4.1;
					};
				};
			};
			buildConfigurationList = 76436D672101D8EC00B1AA65 /* Build configuration list for PBXProject "timerTest" */;
			compatibilityVersion = "Xcode 9.3";
			developmentRegion = en;
			hasScannedForEncodings = 0;
			knownRegions = (
				en,
				Base,
			);
			mainGroup = 76436D632101D8EC00B1AA65;
			productRefGroup = 76436D6D2101D8EC00B1AA65 /* Products */;
			projectDirPath = "";
			projectRoot = "";
			targets = (
				76436D6B2101D8EC00B1AA65 /* timerTest */,
			);
		};
/* End PBXProject section */

/* Begin PBXResourcesBuildPhase section */
		76436D6A2101D8EC00B1AA65 /* Resources */ = {
			isa = PBXResourcesBuildPhase;
			buildActionMask = 2147483647;
			files = (
				76436D7A2101D8ED00B1AA65 /* LaunchScreen.storyboard in Resources */,
				76436D772101D8ED00B1AA65 /* Assets.xcassets in Resources */,
				76436D752101D8EC00B1AA65 /* Main.storyboard in Resources */,
			);
			runOnlyForDeploymentPostprocessing = 0;
		};
/* End PBXResourcesBuildPhase section */

/* Begin PBXSourcesBuildPhase section */
		76436D682101D8EC00B1AA65 /* Sources */ = {
			isa = PBXSourcesBuildPhase;
			buildActionMask = 2147483647;
			files = (
				765D7ECA2105B02300005E90 /* CircleSliderViewController.swift in Sources */,
				76436D702101D8EC00B1AA65 /* AppDelegate.swift in Sources */,
				766711722109974C001A2C30 /* CircleTimer.swift in Sources */,
				766711742109CD78001A2C30 /* Extensions.swift in Sources */,
				7657030F210B268500A3B66E /* Math.swift in Sources */,
				649B614E210CBC7400B12C26 /* CircleTimerHelper.swift in Sources */,
				649B6150210CBF0300B12C26 /* Drawer.swift in Sources */,
			);
			runOnlyForDeploymentPostprocessing = 0;
		};
/* End PBXSourcesBuildPhase section */

/* Begin PBXVariantGroup section */
		76436D732101D8EC00B1AA65 /* Main.storyboard */ = {
			isa = PBXVariantGroup;
			children = (
				76436D742101D8EC00B1AA65 /* Base */,
			);
			name = Main.storyboard;
			sourceTree = "<group>";
		};
		76436D782101D8ED00B1AA65 /* LaunchScreen.storyboard */ = {
			isa = PBXVariantGroup;
			children = (
				76436D792101D8ED00B1AA65 /* Base */,
			);
			name = LaunchScreen.storyboard;
			sourceTree = "<group>";
		};
/* End PBXVariantGroup section */

/* Begin XCBuildConfiguration section */
		76436D7C2101D8ED00B1AA65 /* Debug */ = {
			isa = XCBuildConfiguration;
			buildSettings = {
				ALWAYS_SEARCH_USER_PATHS = NO;
				CLANG_ANALYZER_NONNULL = YES;
				CLANG_ANALYZER_NUMBER_OBJECT_CONVERSION = YES_AGGRESSIVE;
				CLANG_CXX_LANGUAGE_STANDARD = "gnu++14";
				CLANG_CXX_LIBRARY = "libc++";
				CLANG_ENABLE_MODULES = YES;
				CLANG_ENABLE_OBJC_ARC = YES;
				CLANG_ENABLE_OBJC_WEAK = YES;
				CLANG_WARN_BLOCK_CAPTURE_AUTORELEASING = YES;
				CLANG_WARN_BOOL_CONVERSION = YES;
				CLANG_WARN_COMMA = YES;
				CLANG_WARN_CONSTANT_CONVERSION = YES;
				CLANG_WARN_DEPRECATED_OBJC_IMPLEMENTATIONS = YES;
				CLANG_WARN_DIRECT_OBJC_ISA_USAGE = YES_ERROR;
				CLANG_WARN_DOCUMENTATION_COMMENTS = YES;
				CLANG_WARN_EMPTY_BODY = YES;
				CLANG_WARN_ENUM_CONVERSION = YES;
				CLANG_WARN_INFINITE_RECURSION = YES;
				CLANG_WARN_INT_CONVERSION = YES;
				CLANG_WARN_NON_LITERAL_NULL_CONVERSION = YES;
				CLANG_WARN_OBJC_IMPLICIT_RETAIN_SELF = YES;
				CLANG_WARN_OBJC_LITERAL_CONVERSION = YES;
				CLANG_WARN_OBJC_ROOT_CLASS = YES_ERROR;
				CLANG_WARN_RANGE_LOOP_ANALYSIS = YES;
				CLANG_WARN_STRICT_PROTOTYPES = YES;
				CLANG_WARN_SUSPICIOUS_MOVE = YES;
				CLANG_WARN_UNGUARDED_AVAILABILITY = YES_AGGRESSIVE;
				CLANG_WARN_UNREACHABLE_CODE = YES;
				CLANG_WARN__DUPLICATE_METHOD_MATCH = YES;
				CODE_SIGN_IDENTITY = "iPhone Developer";
				COPY_PHASE_STRIP = NO;
				DEBUG_INFORMATION_FORMAT = dwarf;
				ENABLE_STRICT_OBJC_MSGSEND = YES;
				ENABLE_TESTABILITY = YES;
				GCC_C_LANGUAGE_STANDARD = gnu11;
				GCC_DYNAMIC_NO_PIC = NO;
				GCC_NO_COMMON_BLOCKS = YES;
				GCC_OPTIMIZATION_LEVEL = 0;
				GCC_PREPROCESSOR_DEFINITIONS = (
					"DEBUG=1",
					"$(inherited)",
				);
				GCC_WARN_64_TO_32_BIT_CONVERSION = YES;
				GCC_WARN_ABOUT_RETURN_TYPE = YES_ERROR;
				GCC_WARN_UNDECLARED_SELECTOR = YES;
				GCC_WARN_UNINITIALIZED_AUTOS = YES_AGGRESSIVE;
				GCC_WARN_UNUSED_FUNCTION = YES;
				GCC_WARN_UNUSED_VARIABLE = YES;
				IPHONEOS_DEPLOYMENT_TARGET = 11.4;
				MTL_ENABLE_DEBUG_INFO = YES;
				ONLY_ACTIVE_ARCH = YES;
				SDKROOT = iphoneos;
				SWIFT_ACTIVE_COMPILATION_CONDITIONS = DEBUG;
				SWIFT_OPTIMIZATION_LEVEL = "-Onone";
			};
			name = Debug;
		};
		76436D7D2101D8ED00B1AA65 /* Release */ = {
			isa = XCBuildConfiguration;
			buildSettings = {
				ALWAYS_SEARCH_USER_PATHS = NO;
				CLANG_ANALYZER_NONNULL = YES;
				CLANG_ANALYZER_NUMBER_OBJECT_CONVERSION = YES_AGGRESSIVE;
				CLANG_CXX_LANGUAGE_STANDARD = "gnu++14";
				CLANG_CXX_LIBRARY = "libc++";
				CLANG_ENABLE_MODULES = YES;
				CLANG_ENABLE_OBJC_ARC = YES;
				CLANG_ENABLE_OBJC_WEAK = YES;
				CLANG_WARN_BLOCK_CAPTURE_AUTORELEASING = YES;
				CLANG_WARN_BOOL_CONVERSION = YES;
				CLANG_WARN_COMMA = YES;
				CLANG_WARN_CONSTANT_CONVERSION = YES;
				CLANG_WARN_DEPRECATED_OBJC_IMPLEMENTATIONS = YES;
				CLANG_WARN_DIRECT_OBJC_ISA_USAGE = YES_ERROR;
				CLANG_WARN_DOCUMENTATION_COMMENTS = YES;
				CLANG_WARN_EMPTY_BODY = YES;
				CLANG_WARN_ENUM_CONVERSION = YES;
				CLANG_WARN_INFINITE_RECURSION = YES;
				CLANG_WARN_INT_CONVERSION = YES;
				CLANG_WARN_NON_LITERAL_NULL_CONVERSION = YES;
				CLANG_WARN_OBJC_IMPLICIT_RETAIN_SELF = YES;
				CLANG_WARN_OBJC_LITERAL_CONVERSION = YES;
				CLANG_WARN_OBJC_ROOT_CLASS = YES_ERROR;
				CLANG_WARN_RANGE_LOOP_ANALYSIS = YES;
				CLANG_WARN_STRICT_PROTOTYPES = YES;
				CLANG_WARN_SUSPICIOUS_MOVE = YES;
				CLANG_WARN_UNGUARDED_AVAILABILITY = YES_AGGRESSIVE;
				CLANG_WARN_UNREACHABLE_CODE = YES;
				CLANG_WARN__DUPLICATE_METHOD_MATCH = YES;
				CODE_SIGN_IDENTITY = "iPhone Developer";
				COPY_PHASE_STRIP = NO;
				DEBUG_INFORMATION_FORMAT = "dwarf-with-dsym";
				ENABLE_NS_ASSERTIONS = NO;
				ENABLE_STRICT_OBJC_MSGSEND = YES;
				GCC_C_LANGUAGE_STANDARD = gnu11;
				GCC_NO_COMMON_BLOCKS = YES;
				GCC_WARN_64_TO_32_BIT_CONVERSION = YES;
				GCC_WARN_ABOUT_RETURN_TYPE = YES_ERROR;
				GCC_WARN_UNDECLARED_SELECTOR = YES;
				GCC_WARN_UNINITIALIZED_AUTOS = YES_AGGRESSIVE;
				GCC_WARN_UNUSED_FUNCTION = YES;
				GCC_WARN_UNUSED_VARIABLE = YES;
				IPHONEOS_DEPLOYMENT_TARGET = 11.4;
				MTL_ENABLE_DEBUG_INFO = NO;
				SDKROOT = iphoneos;
				SWIFT_COMPILATION_MODE = wholemodule;
				SWIFT_OPTIMIZATION_LEVEL = "-O";
				VALIDATE_PRODUCT = YES;
			};
			name = Release;
		};
		76436D7F2101D8ED00B1AA65 /* Debug */ = {
			isa = XCBuildConfiguration;
			buildSettings = {
				ASSETCATALOG_COMPILER_APPICON_NAME = AppIcon;
				CODE_SIGN_STYLE = Automatic;
				DEVELOPMENT_TEAM = "";
				INFOPLIST_FILE = timerTest/Info.plist;
				LD_RUNPATH_SEARCH_PATHS = (
					"$(inherited)",
					"@executable_path/Frameworks",
				);
				PRODUCT_BUNDLE_IDENTIFIER = com.home.timerTest;
				PRODUCT_NAME = "$(TARGET_NAME)";
				SWIFT_VERSION = 4.0;
				TARGETED_DEVICE_FAMILY = "1,2";
			};
			name = Debug;
		};
		76436D802101D8ED00B1AA65 /* Release */ = {
			isa = XCBuildConfiguration;
			buildSettings = {
				ASSETCATALOG_COMPILER_APPICON_NAME = AppIcon;
				CODE_SIGN_STYLE = Automatic;
				DEVELOPMENT_TEAM = "";
				INFOPLIST_FILE = timerTest/Info.plist;
				LD_RUNPATH_SEARCH_PATHS = (
					"$(inherited)",
					"@executable_path/Frameworks",
				);
				PRODUCT_BUNDLE_IDENTIFIER = com.home.timerTest;
				PRODUCT_NAME = "$(TARGET_NAME)";
				SWIFT_VERSION = 4.0;
				TARGETED_DEVICE_FAMILY = "1,2";
			};
			name = Release;
		};
/* End XCBuildConfiguration section */

/* Begin XCConfigurationList section */
		76436D672101D8EC00B1AA65 /* Build configuration list for PBXProject "timerTest" */ = {
			isa = XCConfigurationList;
			buildConfigurations = (
				76436D7C2101D8ED00B1AA65 /* Debug */,
				76436D7D2101D8ED00B1AA65 /* Release */,
			);
			defaultConfigurationIsVisible = 0;
			defaultConfigurationName = Release;
		};
		76436D7E2101D8ED00B1AA65 /* Build configuration list for PBXNativeTarget "timerTest" */ = {
			isa = XCConfigurationList;
			buildConfigurations = (
				76436D7F2101D8ED00B1AA65 /* Debug */,
				76436D802101D8ED00B1AA65 /* Release */,
			);
			defaultConfigurationIsVisible = 0;
			defaultConfigurationName = Release;
		};
/* End XCConfigurationList section */
	};
	rootObject = 76436D642101D8EC00B1AA65 /* Project object */;
}
